
Microsoft Visual Studio Solution File, Format Version 12.00
# Visual Studio Version 16
VisualStudioVersion = 16.0.32002.261
MinimumVisualStudioVersion = 10.0.40219.1
Project("{FAE04EC0-301F-11D3-BF4B-00C04F79EFBC}") = "FadeInUpTranslate", "FadeInUpTranslate\FadeInUpTranslate.csproj", "{55501130-CE57-4CCC-B050-19ECDF3CDBFD}"
EndProject
Global
	GlobalSection(SolutionConfigurationPlatforms) = preSolution
		Debug|Any CPU = Debug|Any CPU
		Release|Any CPU = Release|Any CPU
	EndGlobalSection
	GlobalSection(ProjectConfigurationPlatforms) = postSolution
		{55501130-CE57-4CCC-B050-19ECDF3CDBFD}.Debug|Any CPU.ActiveCfg = Debug|Any CPU
		{55501130-CE57-4CCC-B050-19ECDF3CDBFD}.Debug|Any CPU.Build.0 = Debug|Any CPU
		{55501130-CE57-4CCC-B050-19ECDF3CDBFD}.Debug|Any CPU.Deploy.0 = Debug|Any CPU
		{55501130-CE57-4CCC-B050-19ECDF3CDBFD}.Release|Any CPU.ActiveCfg = Release|Any CPU
		{55501130-CE57-4CCC-B050-19ECDF3CDBFD}.Release|Any CPU.Build.0 = Release|Any CPU
		{55501130-CE57-4CCC-B050-19ECDF3CDBFD}.Release|Any CPU.Deploy.0 = Release|Any CPU
	EndGlobalSection
	GlobalSection(SolutionProperties) = preSolution
		HideSolutionNode = FALSE
	EndGlobalSection
	GlobalSection(ExtensibilityGlobals) = postSolution
		SolutionGuid = {B01ABFA9-11A7-48EB-88F0-ACD2F5BB9224}
	EndGlobalSection
EndGlobal
